
Microsoft Visual Studio Solution File, Format Version 12.00
# Visual Studio Version 17
VisualStudioVersion = 17.5.33502.453
MinimumVisualStudioVersion = 10.0.40219.1
Project("{FAE04EC0-301F-11D3-BF4B-00C04F79EFBC}") = "praktikum w7", "praktikum w7\praktikum w7.csproj", "{EFB7F418-F371-432F-AD31-1F4D7D528402}"
EndProject
Global
	GlobalSection(SolutionConfigurationPlatforms) = preSolution
		Debug|Any CPU = Debug|Any CPU
		Release|Any CPU = Release|Any CPU
	EndGlobalSection
	GlobalSection(ProjectConfigurationPlatforms) = postSolution
		{EFB7F418-F371-432F-AD31-1F4D7D528402}.Debug|Any CPU.ActiveCfg = Debug|Any CPU
		{EFB7F418-F371-432F-AD31-1F4D7D528402}.Debug|Any CPU.Build.0 = Debug|Any CPU
		{EFB7F418-F371-432F-AD31-1F4D7D528402}.Release|Any CPU.ActiveCfg = Release|Any CPU
		{EFB7F418-F371-432F-AD31-1F4D7D528402}.Release|Any CPU.Build.0 = Release|Any CPU
	EndGlobalSection
	GlobalSection(SolutionProperties) = preSolution
		HideSolutionNode = FALSE
	EndGlobalSection
	GlobalSection(ExtensibilityGlobals) = postSolution
		SolutionGuid = {CC61E8AC-283D-413F-BA58-F75244A732A8}
	EndGlobalSection
EndGlobal
